SITE
  remote: https://supermarket.getchef.com/api/v1
  specs:
    apt (2.6.1)

GIT
  remote: git@github.com:jdrago999/test-cookbook
  ref: develop
  sha: a9019b3cceb318b0a9c3db15548807fff74dda04
  specs:
    test-cookbook (0.1.0)
      apt (>= 0.0.0)

DEPENDENCIES
  apt (>= 0)
  test-cookbook (>= 0)

